
Microsoft Visual Studio Solution File, Format Version 12.00
# Visual Studio Version 16
VisualStudioVersion = 16.0.31321.278
MinimumVisualStudioVersion = 10.0.40219.1
Project("{FAE04EC0-301F-11D3-BF4B-00C04F79EFBC}") = "Test Project", "Test Project\Test Project.csproj", "{97C5EFE2-6639-40B0-8A95-AE2818B1127D}"
EndProject
Global
	GlobalSection(SolutionConfigurationPlatforms) = preSolution
		Debug|Any CPU = Debug|Any CPU
		Release|Any CPU = Release|Any CPU
	EndGlobalSection
	GlobalSection(ProjectConfigurationPlatforms) = postSolution
		{97C5EFE2-6639-40B0-8A95-AE2818B1127D}.Debug|Any CPU.ActiveCfg = Debug|Any CPU
		{97C5EFE2-6639-40B0-8A95-AE2818B1127D}.Debug|Any CPU.Build.0 = Debug|Any CPU
		{97C5EFE2-6639-40B0-8A95-AE2818B1127D}.Release|Any CPU.ActiveCfg = Release|Any CPU
		{97C5EFE2-6639-40B0-8A95-AE2818B1127D}.Release|Any CPU.Build.0 = Release|Any CPU
	EndGlobalSection
	GlobalSection(SolutionProperties) = preSolution
		HideSolutionNode = FALSE
	EndGlobalSection
	GlobalSection(ExtensibilityGlobals) = postSolution
		SolutionGuid = {ACC57F48-EE23-4D58-9552-6F0E00FC36E0}
	EndGlobalSection
EndGlobal
